
Microsoft Visual Studio Solution File, Format Version 12.00
# Visual Studio Version 17
VisualStudioVersion = 17.6.33829.357
MinimumVisualStudioVersion = 10.0.40219.1
Project("{2150E333-8FDC-42A3-9474-1A3956D46DE8}") = "Engine", "Engine", "{B88A6B3B-BD0E-4AFA-9732-679ED7CB7BFC}"
EndProject
Project("{2150E333-8FDC-42A3-9474-1A3956D46DE8}") = "Game", "Game", "{110E6840-7BE1-4F05-A9CC-963FB513D32C}"
EndProject
Project("{8BC9CEB8-8B4A-11D0-8D11-00A0C91BC942}") = "Audio", "Source\Engine\Audio\Audio.vcxproj", "{4EF84881-8FF0-4FE6-BE94-5BFB3E3E4014}"
EndProject
Project("{8BC9CEB8-8B4A-11D0-8D11-00A0C91BC942}") = "Core", "Source\Engine\Core\Core.vcxproj", "{CE294508-5CAB-414A-A260-3496D0EF377F}"
EndProject
Project("{8BC9CEB8-8B4A-11D0-8D11-00A0C91BC942}") = "Framework", "Source\Engine\Framework\Framework.vcxproj", "{DFDBB832-5411-48EA-BD47-274CCC768F18}"
EndProject
Project("{8BC9CEB8-8B4A-11D0-8D11-00A0C91BC942}") = "Input", "Source\Engine\Input\Input.vcxproj", "{A0C59938-1A22-4EFA-9818-1AB75EB32EAC}"
EndProject
Project("{8BC9CEB8-8B4A-11D0-8D11-00A0C91BC942}") = "Renderer", "Source\Engine\Renderer\Renderer.vcxproj", "{0334BCC2-1B98-48D9-A549-0D689C27E7FB}"
EndProject
Project("{8BC9CEB8-8B4A-11D0-8D11-00A0C91BC942}") = "Game", "Source\Game\Game\Game.vcxproj", "{614B1400-0F42-40DD-86EA-BE348068022F}"
EndProject
Project("{8BC9CEB8-8B4A-11D0-8D11-00A0C91BC942}") = "Physics", "Source\Engine\Physics\Physics.vcxproj", "{1BD4F474-AD88-46FF-B7AD-638084B7AD9C}"
EndProject
Project("{8BC9CEB8-8B4A-11D0-8D11-00A0C91BC942}") = "PlatformGame", "Source\Game\PlatformGame\PlatformGame.vcxproj", "{43DDF38B-4FAD-4049-83C0-E029DB3FB9BF}"
EndProject
Global
	GlobalSection(SolutionConfigurationPlatforms) = preSolution
		Debug|x64 = Debug|x64
		Debug|x86 = Debug|x86
		Release|x64 = Release|x64
		Release|x86 = Release|x86
	EndGlobalSection
	GlobalSection(ProjectConfigurationPlatforms) = postSolution
		{4EF84881-8FF0-4FE6-BE94-5BFB3E3E4014}.Debug|x64.ActiveCfg = Debug|x64
		{4EF84881-8FF0-4FE6-BE94-5BFB3E3E4014}.Debug|x64.Build.0 = Debug|x64
		{4EF84881-8FF0-4FE6-BE94-5BFB3E3E4014}.Debug|x86.ActiveCfg = Debug|Win32
		{4EF84881-8FF0-4FE6-BE94-5BFB3E3E4014}.Debug|x86.Build.0 = Debug|Win32
		{4EF84881-8FF0-4FE6-BE94-5BFB3E3E4014}.Release|x64.ActiveCfg = Release|x64
		{4EF84881-8FF0-4FE6-BE94-5BFB3E3E4014}.Release|x64.Build.0 = Release|x64
		{4EF84881-8FF0-4FE6-BE94-5BFB3E3E4014}.Release|x86.ActiveCfg = Release|Win32
		{4EF84881-8FF0-4FE6-BE94-5BFB3E3E4014}.Release|x86.Build.0 = Release|Win32
		{CE294508-5CAB-414A-A260-3496D0EF377F}.Debug|x64.ActiveCfg = Debug|x64
		{CE294508-5CAB-414A-A260-3496D0EF377F}.Debug|x64.Build.0 = Debug|x64
		{CE294508-5CAB-414A-A260-3496D0EF377F}.Debug|x86.ActiveCfg = Debug|Win32
		{CE294508-5CAB-414A-A260-3496D0EF377F}.Debug|x86.Build.0 = Debug|Win32
		{CE294508-5CAB-414A-A260-3496D0EF377F}.Release|x64.ActiveCfg = Release|x64
		{CE294508-5CAB-414A-A260-3496D0EF377F}.Release|x64.Build.0 = Release|x64
		{CE294508-5CAB-414A-A260-3496D0EF377F}.Release|x86.ActiveCfg = Release|Win32
		{CE294508-5CAB-414A-A260-3496D0EF377F}.Release|x86.Build.0 = Release|Win32
		{DFDBB832-5411-48EA-BD47-274CCC768F18}.Debug|x64.ActiveCfg = Debug|x64
		{DFDBB832-5411-48EA-BD47-274CCC768F18}.Debug|x64.Build.0 = Debug|x64
		{DFDBB832-5411-48EA-BD47-274CCC768F18}.Debug|x86.ActiveCfg = Debug|Win32
		{DFDBB832-5411-48EA-BD47-274CCC768F18}.Debug|x86.Build.0 = Debug|Win32
		{DFDBB832-5411-48EA-BD47-274CCC768F18}.Release|x64.ActiveCfg = Release|x64
		{DFDBB832-5411-48EA-BD47-274CCC768F18}.Release|x64.Build.0 = Release|x64
		{DFDBB832-5411-48EA-BD47-274CCC768F18}.Release|x86.ActiveCfg = Release|Win32
		{DFDBB832-5411-48EA-BD47-274CCC768F18}.Release|x86.Build.0 = Release|Win32
		{A0C59938-1A22-4EFA-9818-1AB75EB32EAC}.Debug|x64.ActiveCfg = Debug|x64
		{A0C59938-1A22-4EFA-9818-1AB75EB32EAC}.Debug|x64.Build.0 = Debug|x64
		{A0C59938-1A22-4EFA-9818-1AB75EB32EAC}.Debug|x86.ActiveCfg = Debug|Win32
		{A0C59938-1A22-4EFA-9818-1AB75EB32EAC}.Debug|x86.Build.0 = Debug|Win32
		{A0C59938-1A22-4EFA-9818-1AB75EB32EAC}.Release|x64.ActiveCfg = Release|x64
		{A0C59938-1A22-4EFA-9818-1AB75EB32EAC}.Release|x64.Build.0 = Release|x64
		{A0C59938-1A22-4EFA-9818-1AB75EB32EAC}.Release|x86.ActiveCfg = Release|Win32
		{A0C59938-1A22-4EFA-9818-1AB75EB32EAC}.Release|x86.Build.0 = Release|Win32
		{0334BCC2-1B98-48D9-A549-0D689C27E7FB}.Debug|x64.ActiveCfg = Debug|x64
		{0334BCC2-1B98-48D9-A549-0D689C27E7FB}.Debug|x64.Build.0 = Debug|x64
		{0334BCC2-1B98-48D9-A549-0D689C27E7FB}.Debug|x86.ActiveCfg = Debug|Win32
		{0334BCC2-1B98-48D9-A549-0D689C27E7FB}.Debug|x86.Build.0 = Debug|Win32
		{0334BCC2-1B98-48D9-A549-0D689C27E7FB}.Release|x64.ActiveCfg = Release|x64
		{0334BCC2-1B98-48D9-A549-0D689C27E7FB}.Release|x64.Build.0 = Release|x64
		{0334BCC2-1B98-48D9-A549-0D689C27E7FB}.Release|x86.ActiveCfg = Release|Win32
		{0334BCC2-1B98-48D9-A549-0D689C27E7FB}.Release|x86.Build.0 = Release|Win32
		{614B1400-0F42-40DD-86EA-BE348068022F}.Debug|x64.ActiveCfg = Debug|x64
		{614B1400-0F42-40DD-86EA-BE348068022F}.Debug|x64.Build.0 = Debug|x64
		{614B1400-0F42-40DD-86EA-BE348068022F}.Debug|x86.ActiveCfg = Debug|Win32
		{614B1400-0F42-40DD-86EA-BE348068022F}.Debug|x86.Build.0 = Debug|Win32
		{614B1400-0F42-40DD-86EA-BE348068022F}.Release|x64.ActiveCfg = Release|x64
		{614B1400-0F42-40DD-86EA-BE348068022F}.Release|x64.Build.0 = Release|x64
		{614B1400-0F42-40DD-86EA-BE348068022F}.Release|x86.ActiveCfg = Release|Win32
		{614B1400-0F42-40DD-86EA-BE348068022F}.Release|x86.Build.0 = Release|Win32
		{1BD4F474-AD88-46FF-B7AD-638084B7AD9C}.Debug|x64.ActiveCfg = Debug|x64
		{1BD4F474-AD88-46FF-B7AD-638084B7AD9C}.Debug|x64.Build.0 = Debug|x64
		{1BD4F474-AD88-46FF-B7AD-638084B7AD9C}.Debug|x86.ActiveCfg = Debug|Win32
		{1BD4F474-AD88-46FF-B7AD-638084B7AD9C}.Debug|x86.Build.0 = Debug|Win32
		{1BD4F474-AD88-46FF-B7AD-638084B7AD9C}.Release|x64.ActiveCfg = Release|x64
		{1BD4F474-AD88-46FF-B7AD-638084B7AD9C}.Release|x64.Build.0 = Release|x64
		{1BD4F474-AD88-46FF-B7AD-638084B7AD9C}.Release|x86.ActiveCfg = Release|Win32
		{1BD4F474-AD88-46FF-B7AD-638084B7AD9C}.Release|x86.Build.0 = Release|Win32
		{43DDF38B-4FAD-4049-83C0-E029DB3FB9BF}.Debug|x64.ActiveCfg = Debug|x64
		{43DDF38B-4FAD-4049-83C0-E029DB3FB9BF}.Debug|x64.Build.0 = Debug|x64
		{43DDF38B-4FAD-4049-83C0-E029DB3FB9BF}.Debug|x86.ActiveCfg = Debug|Win32
		{43DDF38B-4FAD-4049-83C0-E029DB3FB9BF}.Debug|x86.Build.0 = Debug|Win32
		{43DDF38B-4FAD-4049-83C0-E029DB3FB9BF}.Release|x64.ActiveCfg = Release|x64
		{43DDF38B-4FAD-4049-83C0-E029DB3FB9BF}.Release|x64.Build.0 = Release|x64
		{43DDF38B-4FAD-4049-83C0-E029DB3FB9BF}.Release|x86.ActiveCfg = Release|Win32
		{43DDF38B-4FAD-4049-83C0-E029DB3FB9BF}.Release|x86.Build.0 = Release|Win32
	EndGlobalSection
	GlobalSection(SolutionProperties) = preSolution
		HideSolutionNode = FALSE
	EndGlobalSection
	GlobalSection(NestedProjects) = preSolution
		{4EF84881-8FF0-4FE6-BE94-5BFB3E3E4014} = {B88A6B3B-BD0E-4AFA-9732-679ED7CB7BFC}
		{CE294508-5CAB-414A-A260-3496D0EF377F} = {B88A6B3B-BD0E-4AFA-9732-679ED7CB7BFC}
		{DFDBB832-5411-48EA-BD47-274CCC768F18} = {B88A6B3B-BD0E-4AFA-9732-679ED7CB7BFC}
		{A0C59938-1A22-4EFA-9818-1AB75EB32EAC} = {B88A6B3B-BD0E-4AFA-9732-679ED7CB7BFC}
		{0334BCC2-1B98-48D9-A549-0D689C27E7FB} = {B88A6B3B-BD0E-4AFA-9732-679ED7CB7BFC}
		{614B1400-0F42-40DD-86EA-BE348068022F} = {110E6840-7BE1-4F05-A9CC-963FB513D32C}
		{1BD4F474-AD88-46FF-B7AD-638084B7AD9C} = {B88A6B3B-BD0E-4AFA-9732-679ED7CB7BFC}
		{43DDF38B-4FAD-4049-83C0-E029DB3FB9BF} = {110E6840-7BE1-4F05-A9CC-963FB513D32C}
	EndGlobalSection
	GlobalSection(ExtensibilityGlobals) = postSolution
		SolutionGuid = {41E00DD8-3893-4C65-AFBC-9C811BE1F9FB}
	EndGlobalSection
EndGlobal
